Microsoft Visual Studio Solution File, Format Version 12.00
# Visual Studio Version 17
VisualStudioVersion = 17.5.2.0
MinimumVisualStudioVersion = 10.0.40219.1
Project("{FAE04EC0-301F-11D3-BF4B-00C04F79EFBC}") = "go-han", "go-han.csproj", "{DE88B783-C118-6E8B-F98A-C383A4F8669C}"
EndProject
Global
	GlobalSection(SolutionConfigurationPlatforms) = preSolution
		Debug|Any CPU = Debug|Any CPU
		Release|Any CPU = Release|Any CPU
	EndGlobalSection
	GlobalSection(ProjectConfigurationPlatforms) = postSolution
		{DE88B783-C118-6E8B-F98A-C383A4F8669C}.Debug|Any CPU.ActiveCfg = Debug|Any CPU
		{DE88B783-C118-6E8B-F98A-C383A4F8669C}.Debug|Any CPU.Build.0 = Debug|Any CPU
		{DE88B783-C118-6E8B-F98A-C383A4F8669C}.Release|Any CPU.ActiveCfg = Release|Any CPU
		{DE88B783-C118-6E8B-F98A-C383A4F8669C}.Release|Any CPU.Build.0 = Release|Any CPU
	EndGlobalSection
	GlobalSection(SolutionProperties) = preSolution
		HideSolutionNode = FALSE
	EndGlobalSection
	GlobalSection(ExtensibilityGlobals) = postSolution
		SolutionGuid = {890335E1-362A-4A90-A6BD-EBD5F12BC679}
	EndGlobalSection
EndGlobal
